<Solution>
  <Project Path="RecipeStation.App/RecipeStation.App.csproj" />
  <Project Path="RecipeStation.Client/RecipeStation.Client.csproj" />
  <Project Path="RecipeStation.Protocol/RecipeStation.Protocol.csproj" />
  <Project Path="RecipeStation.Simulator/RecipeStation.Simulator.csproj" />
</Solution>
